
Microsoft Visual Studio Solution File, Format Version 12.00
# Visual Studio 14
VisualStudioVersion = 14.0.25420.1
MinimumVisualStudioVersion = 10.0.40219.1
Project("{2150E333-8FDC-42A3-9474-1A3956D46DE8}") = "Source", "Source", "{75243A59-F2DC-49A3-8360-90AD1EB6521E}"
EndProject
Project("{2150E333-8FDC-42A3-9474-1A3956D46DE8}") = "Test", "Test", "{A3B01608-414E-4248-A952-04C866F2742C}"
EndProject
Project("{FAE04EC0-301F-11D3-BF4B-00C04F79EFBC}") = "TextRight.Core", "TextRight.Core\TextRight.Core.csproj", "{D78CC148-8065-4CB8-AB81-DAA0B75CC6BB}"
EndProject
Project("{FAE04EC0-301F-11D3-BF4B-00C04F79EFBC}") = "TextRight.Core.Tests", "TextRight.Core.Tests\TextRight.Core.Tests.csproj", "{DFD9D3C0-F926-4D34-BD0A-4B182D5A09AA}"
EndProject
Project("{FAE04EC0-301F-11D3-BF4B-00C04F79EFBC}") = "TextRight.Editor.Wpf", "TextRight.Editor.Wpf\TextRight.Editor.Wpf.csproj", "{1A4B7968-1C46-41FF-A49E-3758925B4EE2}"
EndProject
Global
	GlobalSection(SolutionConfigurationPlatforms) = preSolution
		Debug|Any CPU = Debug|Any CPU
		Release|Any CPU = Release|Any CPU
	EndGlobalSection
	GlobalSection(ProjectConfigurationPlatforms) = postSolution
		{D78CC148-8065-4CB8-AB81-DAA0B75CC6BB}.Debug|Any CPU.ActiveCfg = Debug|Any CPU
		{D78CC148-8065-4CB8-AB81-DAA0B75CC6BB}.Debug|Any CPU.Build.0 = Debug|Any CPU
		{D78CC148-8065-4CB8-AB81-DAA0B75CC6BB}.Release|Any CPU.ActiveCfg = Release|Any CPU
		{D78CC148-8065-4CB8-AB81-DAA0B75CC6BB}.Release|Any CPU.Build.0 = Release|Any CPU
		{DFD9D3C0-F926-4D34-BD0A-4B182D5A09AA}.Debug|Any CPU.ActiveCfg = Debug|Any CPU
		{DFD9D3C0-F926-4D34-BD0A-4B182D5A09AA}.Debug|Any CPU.Build.0 = Debug|Any CPU
		{DFD9D3C0-F926-4D34-BD0A-4B182D5A09AA}.Release|Any CPU.ActiveCfg = Release|Any CPU
		{DFD9D3C0-F926-4D34-BD0A-4B182D5A09AA}.Release|Any CPU.Build.0 = Release|Any CPU
		{1A4B7968-1C46-41FF-A49E-3758925B4EE2}.Debug|Any CPU.ActiveCfg = Debug|Any CPU
		{1A4B7968-1C46-41FF-A49E-3758925B4EE2}.Debug|Any CPU.Build.0 = Debug|Any CPU
		{1A4B7968-1C46-41FF-A49E-3758925B4EE2}.Release|Any CPU.ActiveCfg = Release|Any CPU
		{1A4B7968-1C46-41FF-A49E-3758925B4EE2}.Release|Any CPU.Build.0 = Release|Any CPU
	EndGlobalSection
	GlobalSection(SolutionProperties) = preSolution
		HideSolutionNode = FALSE
	EndGlobalSection
	GlobalSection(NestedProjects) = preSolution
		{D78CC148-8065-4CB8-AB81-DAA0B75CC6BB} = {75243A59-F2DC-49A3-8360-90AD1EB6521E}
		{DFD9D3C0-F926-4D34-BD0A-4B182D5A09AA} = {A3B01608-414E-4248-A952-04C866F2742C}
		{1A4B7968-1C46-41FF-A49E-3758925B4EE2} = {75243A59-F2DC-49A3-8360-90AD1EB6521E}
	EndGlobalSection
EndGlobal
